// !$*UTF8*$!
{
	archiveVersion = 1;
	classes = {
	};
	objectVersion = 56;
	objects = {

/* Begin PBXBuildFile section */
		880EDEF92C5BAD830019E8CC /* PhoneViewController.swift in Sources */ = {isa = PBXBuildFile; fileRef = 880EDEF82C5BAD830019E8CC /* PhoneViewController.swift */; };
		880EDEFC2C5BAF850019E8CC /* PointButton.swift in Sources */ = {isa = PBXBuildFile; fileRef = 880EDEFB2C5BAF850019E8CC /* PointButton.swift */; };
		880EDEFE2C5BAF890019E8CC /* SignTextField.swift in Sources */ = {isa = PBXBuildFile; fileRef = 880EDEFD2C5BAF890019E8CC /* SignTextField.swift */; };
		880EDF012C5BAFAC0019E8CC /* Resource.swift in Sources */ = {isa = PBXBuildFile; fileRef = 880EDF002C5BAFAC0019E8CC /* Resource.swift */; };
		880EDF032C5BAFE60019E8CC /* NicknameViewController.swift in Sources */ = {isa = PBXBuildFile; fileRef = 880EDF022C5BAFE60019E8CC /* NicknameViewController.swift */; };
		880EDF052C5BB00E0019E8CC /* BirthdayViewController.swift in Sources */ = {isa = PBXBuildFile; fileRef = 880EDF042C5BB00E0019E8CC /* BirthdayViewController.swift */; };
		8810B9DA2C5C775200EC5F21 /* ShopTableViewCell.swift in Sources */ = {isa = PBXBuildFile; fileRef = 8810B9D92C5C775200EC5F21 /* ShopTableViewCell.swift */; };
		8810B9DC2C5C775B00EC5F21 /* ShopViewController.swift in Sources */ = {isa = PBXBuildFile; fileRef = 8810B9DB2C5C775B00EC5F21 /* ShopViewController.swift */; };
		8810B9DE2C5C852E00EC5F21 /* Shop.swift in Sources */ = {isa = PBXBuildFile; fileRef = 8810B9DD2C5C852E00EC5F21 /* Shop.swift */; };
		8810B9E02C5C94C800EC5F21 /* ShopDetailViewController.swift in Sources */ = {isa = PBXBuildFile; fileRef = 8810B9DF2C5C94C800EC5F21 /* ShopDetailViewController.swift */; };
		8824E6B42C60CB8E00057F57 /* SignUpViewModel.swift in Sources */ = {isa = PBXBuildFile; fileRef = 8824E6B32C60CB8E00057F57 /* SignUpViewModel.swift */; };
		8824E6B62C60D04500057F57 /* PasswordViewModel.swift in Sources */ = {isa = PBXBuildFile; fileRef = 8824E6B52C60D04500057F57 /* PasswordViewModel.swift */; };
		8824E6B82C60D8CA00057F57 /* PhoneViewModel.swift in Sources */ = {isa = PBXBuildFile; fileRef = 8824E6B72C60D8CA00057F57 /* PhoneViewModel.swift */; };
		8824E6BA2C60DC6B00057F57 /* BirthdayViewModel.swift in Sources */ = {isa = PBXBuildFile; fileRef = 8824E6B92C60DC6B00057F57 /* BirthdayViewModel.swift */; };
		88387D6E2C5FA18A005C0517 /* SignInViewController.swift in Sources */ = {isa = PBXBuildFile; fileRef = 88387D6D2C5FA18A005C0517 /* SignInViewController.swift */; };
		88387D702C5FA1BD005C0517 /* SignUpViewController.swift in Sources */ = {isa = PBXBuildFile; fileRef = 88387D6F2C5FA1BD005C0517 /* SignUpViewController.swift */; };
		88AFCA942C5A18DA00E2CC44 /* NumbersViewController.swift in Sources */ = {isa = PBXBuildFile; fileRef = 88AFCA932C5A18DA00E2CC44 /* NumbersViewController.swift */; };
		88AFCA982C5A1D0000E2CC44 /* SimpleValidationViewController.swift in Sources */ = {isa = PBXBuildFile; fileRef = 88AFCA972C5A1D0000E2CC44 /* SimpleValidationViewController.swift */; };
		88AFCA9A2C5A23A600E2CC44 /* PasswordViewController.swift in Sources */ = {isa = PBXBuildFile; fileRef = 88AFCA992C5A23A600E2CC44 /* PasswordViewController.swift */; };
		88B3E6842C58CAB0009532E1 /* AppDelegate.swift in Sources */ = {isa = PBXBuildFile; fileRef = 88B3E6832C58CAB0009532E1 /* AppDelegate.swift */; };
		88B3E6862C58CAB0009532E1 /* SceneDelegate.swift in Sources */ = {isa = PBXBuildFile; fileRef = 88B3E6852C58CAB0009532E1 /* SceneDelegate.swift */; };
		88B3E6882C58CAB0009532E1 /* SimpleViewController.swift in Sources */ = {isa = PBXBuildFile; fileRef = 88B3E6872C58CAB0009532E1 /* SimpleViewController.swift */; };
		88B3E68B2C58CAB0009532E1 /* Base in Resources */ = {isa = PBXBuildFile; fileRef = 88B3E68A2C58CAB0009532E1 /* Base */; };
		88B3E68D2C58CAB2009532E1 /* Assets.xcassets in Resources */ = {isa = PBXBuildFile; fileRef = 88B3E68C2C58CAB2009532E1 /* Assets.xcassets */; };
		88B3E6902C58CAB2009532E1 /* Base in Resources */ = {isa = PBXBuildFile; fileRef = 88B3E68F2C58CAB2009532E1 /* Base */; };
		88B3E6992C58CADB009532E1 /* RxCocoa in Frameworks */ = {isa = PBXBuildFile; productRef = 88B3E6982C58CADB009532E1 /* RxCocoa */; };
		88B3E69B2C58CADB009532E1 /* RxSwift in Frameworks */ = {isa = PBXBuildFile; productRef = 88B3E69A2C58CADB009532E1 /* RxSwift */; };
		88B3E69E2C58CAF5009532E1 /* SnapKit in Frameworks */ = {isa = PBXBuildFile; productRef = 88B3E69D2C58CAF5009532E1 /* SnapKit */; };
		88B3E6A02C58D24F009532E1 /* SignViewController.swift in Sources */ = {isa = PBXBuildFile; fileRef = 88B3E69F2C58D24F009532E1 /* SignViewController.swift */; };
		88B3E6A32C58D856009532E1 /* SimplePickerViewController.swift in Sources */ = {isa = PBXBuildFile; fileRef = 88B3E6A22C58D856009532E1 /* SimplePickerViewController.swift */; };
		88B3E6A52C58DCB6009532E1 /* SimpleTableViewController.swift in Sources */ = {isa = PBXBuildFile; fileRef = 88B3E6A42C58DCB6009532E1 /* SimpleTableViewController.swift */; };
		88B3E6A72C58DE58009532E1 /* UIViewController+.swift in Sources */ = {isa = PBXBuildFile; fileRef = 88B3E6A62C58DE58009532E1 /* UIViewController+.swift */; };
/* End PBXBuildFile section */

/* Begin PBXFileReference section */
		880EDEF82C5BAD830019E8CC /* PhoneViewController.swift */ = {isa = PBXFileReference; lastKnownFileType = sourcecode.swift; path = PhoneViewController.swift; sourceTree = "<group>"; };
		880EDEFB2C5BAF850019E8CC /* PointButton.swift */ = {isa = PBXFileReference; fileEncoding = 4; lastKnownFileType = sourcecode.swift; path = PointButton.swift; sourceTree = "<group>"; };
		880EDEFD2C5BAF890019E8CC /* SignTextField.swift */ = {isa = PBXFileReference; fileEncoding = 4; lastKnownFileType = sourcecode.swift; path = SignTextField.swift; sourceTree = "<group>"; };
		880EDF002C5BAFAC0019E8CC /* Resource.swift */ = {isa = PBXFileReference; fileEncoding = 4; lastKnownFileType = sourcecode.swift; path = Resource.swift; sourceTree = "<group>"; };
		880EDF022C5BAFE60019E8CC /* NicknameViewController.swift */ = {isa = PBXFileReference; lastKnownFileType = sourcecode.swift; path = NicknameViewController.swift; sourceTree = "<group>"; };
		880EDF042C5BB00E0019E8CC /* BirthdayViewController.swift */ = {isa = PBXFileReference; fileEncoding = 4; lastKnownFileType = sourcecode.swift; path = BirthdayViewController.swift; sourceTree = "<group>"; };
		8810B9D92C5C775200EC5F21 /* ShopTableViewCell.swift */ = {isa = PBXFileReference; lastKnownFileType = sourcecode.swift; path = ShopTableViewCell.swift; sourceTree = "<group>"; };
		8810B9DB2C5C775B00EC5F21 /* ShopViewController.swift */ = {isa = PBXFileReference; lastKnownFileType = sourcecode.swift; path = ShopViewController.swift; sourceTree = "<group>"; };
		8810B9DD2C5C852E00EC5F21 /* Shop.swift */ = {isa = PBXFileReference; lastKnownFileType = sourcecode.swift; path = Shop.swift; sourceTree = "<group>"; };
		8810B9DF2C5C94C800EC5F21 /* ShopDetailViewController.swift */ = {isa = PBXFileReference; lastKnownFileType = sourcecode.swift; path = ShopDetailViewController.swift; sourceTree = "<group>"; };
		8824E6B32C60CB8E00057F57 /* SignUpViewModel.swift */ = {isa = PBXFileReference; lastKnownFileType = sourcecode.swift; path = SignUpViewModel.swift; sourceTree = "<group>"; };
		8824E6B52C60D04500057F57 /* PasswordViewModel.swift */ = {isa = PBXFileReference; lastKnownFileType = sourcecode.swift; path = PasswordViewModel.swift; sourceTree = "<group>"; };
		8824E6B72C60D8CA00057F57 /* PhoneViewModel.swift */ = {isa = PBXFileReference; lastKnownFileType = sourcecode.swift; path = PhoneViewModel.swift; sourceTree = "<group>"; };
		8824E6B92C60DC6B00057F57 /* BirthdayViewModel.swift */ = {isa = PBXFileReference; lastKnownFileType = sourcecode.swift; path = BirthdayViewModel.swift; sourceTree = "<group>"; };
		88387D6D2C5FA18A005C0517 /* SignInViewController.swift */ = {isa = PBXFileReference; lastKnownFileType = sourcecode.swift; path = SignInViewController.swift; sourceTree = "<group>"; };
		88387D6F2C5FA1BD005C0517 /* SignUpViewController.swift */ = {isa = PBXFileReference; lastKnownFileType = sourcecode.swift; path = SignUpViewController.swift; sourceTree = "<group>"; };
		88AFCA932C5A18DA00E2CC44 /* NumbersViewController.swift */ = {isa = PBXFileReference; lastKnownFileType = sourcecode.swift; path = NumbersViewController.swift; sourceTree = "<group>"; };
		88AFCA972C5A1D0000E2CC44 /* SimpleValidationViewController.swift */ = {isa = PBXFileReference; lastKnownFileType = sourcecode.swift; path = SimpleValidationViewController.swift; sourceTree = "<group>"; };
		88AFCA992C5A23A600E2CC44 /* PasswordViewController.swift */ = {isa = PBXFileReference; lastKnownFileType = sourcecode.swift; path = PasswordViewController.swift; sourceTree = "<group>"; };
		88B3E6802C58CAB0009532E1 /* RxSwiftPractice.app */ = {isa = PBXFileReference; explicitFileType = wrapper.application; includeInIndex = 0; path = RxSwiftPractice.app; sourceTree = BUILT_PRODUCTS_DIR; };
		88B3E6832C58CAB0009532E1 /* AppDelegate.swift */ = {isa = PBXFileReference; lastKnownFileType = sourcecode.swift; path = AppDelegate.swift; sourceTree = "<group>"; };
		88B3E6852C58CAB0009532E1 /* SceneDelegate.swift */ = {isa = PBXFileReference; lastKnownFileType = sourcecode.swift; path = SceneDelegate.swift; sourceTree = "<group>"; };
		88B3E6872C58CAB0009532E1 /* SimpleViewController.swift */ = {isa = PBXFileReference; lastKnownFileType = sourcecode.swift; path = SimpleViewController.swift; sourceTree = "<group>"; };
		88B3E68A2C58CAB0009532E1 /* Base */ = {isa = PBXFileReference; lastKnownFileType = file.storyboard; name = Base; path = Base.lproj/Main.storyboard; sourceTree = "<group>"; };
		88B3E68C2C58CAB2009532E1 /* Assets.xcassets */ = {isa = PBXFileReference; lastKnownFileType = folder.assetcatalog; path = Assets.xcassets; sourceTree = "<group>"; };
		88B3E68F2C58CAB2009532E1 /* Base */ = {isa = PBXFileReference; lastKnownFileType = file.storyboard; name = Base; path = Base.lproj/LaunchScreen.storyboard; sourceTree = "<group>"; };
		88B3E6912C58CAB2009532E1 /* Info.plist */ = {isa = PBXFileReference; lastKnownFileType = text.plist.xml; path = Info.plist; sourceTree = "<group>"; };
		88B3E69F2C58D24F009532E1 /* SignViewController.swift */ = {isa = PBXFileReference; lastKnownFileType = sourcecode.swift; path = SignViewController.swift; sourceTree = "<group>"; };
		88B3E6A22C58D856009532E1 /* SimplePickerViewController.swift */ = {isa = PBXFileReference; lastKnownFileType = sourcecode.swift; path = SimplePickerViewController.swift; sourceTree = "<group>"; };
		88B3E6A42C58DCB6009532E1 /* SimpleTableViewController.swift */ = {isa = PBXFileReference; lastKnownFileType = sourcecode.swift; path = SimpleTableViewController.swift; sourceTree = "<group>"; };
		88B3E6A62C58DE58009532E1 /* UIViewController+.swift */ = {isa = PBXFileReference; lastKnownFileType = sourcecode.swift; path = "UIViewController+.swift"; sourceTree = "<group>"; };
/* End PBXFileReference section */

/* Begin PBXFrameworksBuildPhase section */
		88B3E67D2C58CAB0009532E1 /* Frameworks */ = {
			isa = PBXFrameworksBuildPhase;
			buildActionMask = 2147483647;
			files = (
				88B3E69E2C58CAF5009532E1 /* SnapKit in Frameworks */,
				88B3E69B2C58CADB009532E1 /* RxSwift in Frameworks */,
				88B3E6992C58CADB009532E1 /* RxCocoa in Frameworks */,
			);
			runOnlyForDeploymentPostprocessing = 0;
		};
/* End PBXFrameworksBuildPhase section */

/* Begin PBXGroup section */
		880EDEF72C5BAD690019E8CC /* Sign */ = {
			isa = PBXGroup;
			children = (
				8824E6AE2C60CAFF00057F57 /* SignIn */,
				8824E6AD2C60CAE900057F57 /* SignUp */,
			);
			path = Sign;
			sourceTree = "<group>";
		};
		880EDEFA2C5BAF7B0019E8CC /* CustomView */ = {
			isa = PBXGroup;
			children = (
				880EDEFD2C5BAF890019E8CC /* SignTextField.swift */,
				880EDEFB2C5BAF850019E8CC /* PointButton.swift */,
			);
			path = CustomView;
			sourceTree = "<group>";
		};
		880EDEFF2C5BAFA50019E8CC /* Resource */ = {
			isa = PBXGroup;
			children = (
				880EDF002C5BAFAC0019E8CC /* Resource.swift */,
			);
			path = Resource;
			sourceTree = "<group>";
		};
		8810B9D82C5C774500EC5F21 /* Shopping */ = {
			isa = PBXGroup;
			children = (
				8810B9D92C5C775200EC5F21 /* ShopTableViewCell.swift */,
				8810B9DB2C5C775B00EC5F21 /* ShopViewController.swift */,
				8810B9DD2C5C852E00EC5F21 /* Shop.swift */,
				8810B9DF2C5C94C800EC5F21 /* ShopDetailViewController.swift */,
			);
			path = Shopping;
			sourceTree = "<group>";
		};
		8824E6AD2C60CAE900057F57 /* SignUp */ = {
			isa = PBXGroup;
			children = (
				8824E6B02C60CB0F00057F57 /* ViewModel */,
				8824E6AF2C60CB0A00057F57 /* ViewController */,
			);
			path = SignUp;
			sourceTree = "<group>";
		};
		8824E6AE2C60CAFF00057F57 /* SignIn */ = {
			isa = PBXGroup;
			children = (
				8824E6B22C60CB2000057F57 /* ViewModel */,
				8824E6B12C60CB1B00057F57 /* ViewController */,
			);
			path = SignIn;
			sourceTree = "<group>";
		};
		8824E6AF2C60CB0A00057F57 /* ViewController */ = {
			isa = PBXGroup;
			children = (
				880EDF022C5BAFE60019E8CC /* NicknameViewController.swift */,
				880EDEF82C5BAD830019E8CC /* PhoneViewController.swift */,
				880EDF042C5BB00E0019E8CC /* BirthdayViewController.swift */,
				88AFCA992C5A23A600E2CC44 /* PasswordViewController.swift */,
				88387D6F2C5FA1BD005C0517 /* SignUpViewController.swift */,
			);
			path = ViewController;
			sourceTree = "<group>";
		};
		8824E6B02C60CB0F00057F57 /* ViewModel */ = {
			isa = PBXGroup;
			children = (
				8824E6B32C60CB8E00057F57 /* SignUpViewModel.swift */,
				8824E6B52C60D04500057F57 /* PasswordViewModel.swift */,
				8824E6B72C60D8CA00057F57 /* PhoneViewModel.swift */,
				8824E6B92C60DC6B00057F57 /* BirthdayViewModel.swift */,
			);
			path = ViewModel;
			sourceTree = "<group>";
		};
		8824E6B12C60CB1B00057F57 /* ViewController */ = {
			isa = PBXGroup;
			children = (
				88387D6D2C5FA18A005C0517 /* SignInViewController.swift */,
			);
			path = ViewController;
			sourceTree = "<group>";
		};
		8824E6B22C60CB2000057F57 /* ViewModel */ = {
			isa = PBXGroup;
			children = (
			);
			path = ViewModel;
			sourceTree = "<group>";
		};
		88AFCA952C5A18E100E2CC44 /* Extension */ = {
			isa = PBXGroup;
			children = (
				88B3E6A62C58DE58009532E1 /* UIViewController+.swift */,
			);
			path = Extension;
			sourceTree = "<group>";
		};
		88AFCA962C5A18EB00E2CC44 /* Sample */ = {
			isa = PBXGroup;
			children = (
				88B3E6872C58CAB0009532E1 /* SimpleViewController.swift */,
				88B3E69F2C58D24F009532E1 /* SignViewController.swift */,
				88AFCA932C5A18DA00E2CC44 /* NumbersViewController.swift */,
				88B3E6A42C58DCB6009532E1 /* SimpleTableViewController.swift */,
				88B3E6A22C58D856009532E1 /* SimplePickerViewController.swift */,
				88AFCA972C5A1D0000E2CC44 /* SimpleValidationViewController.swift */,
			);
			path = Sample;
			sourceTree = "<group>";
		};
		88B3E6772C58CAB0009532E1 = {
			isa = PBXGroup;
			children = (
				88B3E6822C58CAB0009532E1 /* RxSwiftPractice */,
				88B3E6812C58CAB0009532E1 /* Products */,
			);
			sourceTree = "<group>";
		};
		88B3E6812C58CAB0009532E1 /* Products */ = {
			isa = PBXGroup;
			children = (
				88B3E6802C58CAB0009532E1 /* RxSwiftPractice.app */,
			);
			name = Products;
			sourceTree = "<group>";
		};
		88B3E6822C58CAB0009532E1 /* RxSwiftPractice */ = {
			isa = PBXGroup;
			children = (
				8810B9D82C5C774500EC5F21 /* Shopping */,
				880EDEFF2C5BAFA50019E8CC /* Resource */,
				880EDEFA2C5BAF7B0019E8CC /* CustomView */,
				880EDEF72C5BAD690019E8CC /* Sign */,
				88AFCA962C5A18EB00E2CC44 /* Sample */,
				88AFCA952C5A18E100E2CC44 /* Extension */,
				88B3E6832C58CAB0009532E1 /* AppDelegate.swift */,
				88B3E6852C58CAB0009532E1 /* SceneDelegate.swift */,
				88B3E6892C58CAB0009532E1 /* Main.storyboard */,
				88B3E68C2C58CAB2009532E1 /* Assets.xcassets */,
				88B3E68E2C58CAB2009532E1 /* LaunchScreen.storyboard */,
				88B3E6912C58CAB2009532E1 /* Info.plist */,
			);
			path = RxSwiftPractice;
			sourceTree = "<group>";
		};
/* End PBXGroup section */

/* Begin PBXNativeTarget section */
		88B3E67F2C58CAB0009532E1 /* RxSwiftPractice */ = {
			isa = PBXNativeTarget;
			buildConfigurationList = 88B3E6942C58CAB2009532E1 /* Build configuration list for PBXNativeTarget "RxSwiftPractice" */;
			buildPhases = (
				88B3E67C2C58CAB0009532E1 /* Sources */,
				88B3E67D2C58CAB0009532E1 /* Frameworks */,
				88B3E67E2C58CAB0009532E1 /* Resources */,
			);
			buildRules = (
			);
			dependencies = (
			);
			name = RxSwiftPractice;
			packageProductDependencies = (
				88B3E6982C58CADB009532E1 /* RxCocoa */,
				88B3E69A2C58CADB009532E1 /* RxSwift */,
				88B3E69D2C58CAF5009532E1 /* SnapKit */,
			);
			productName = RxSwiftPractice;
			productReference = 88B3E6802C58CAB0009532E1 /* RxSwiftPractice.app */;
			productType = "com.apple.product-type.application";
		};
/* End PBXNativeTarget section */

/* Begin PBXProject section */
		88B3E6782C58CAB0009532E1 /* Project object */ = {
			isa = PBXProject;
			attributes = {
				BuildIndependentTargetsInParallel = 1;
				LastSwiftUpdateCheck = 1540;
				LastUpgradeCheck = 1540;
				TargetAttributes = {
					88B3E67F2C58CAB0009532E1 = {
						CreatedOnToolsVersion = 15.4;
					};
				};
			};
			buildConfigurationList = 88B3E67B2C58CAB0009532E1 /* Build configuration list for PBXProject "RxSwiftPractice" */;
			compatibilityVersion = "Xcode 14.0";
			developmentRegion = en;
			hasScannedForEncodings = 0;
			knownRegions = (
				en,
				Base,
			);
			mainGroup = 88B3E6772C58CAB0009532E1;
			packageReferences = (
				88B3E6972C58CADB009532E1 /* XCRemoteSwiftPackageReference "RxSwift" */,
				88B3E69C2C58CAF5009532E1 /* XCRemoteSwiftPackageReference "SnapKit" */,
			);
			productRefGroup = 88B3E6812C58CAB0009532E1 /* Products */;
			projectDirPath = "";
			projectRoot = "";
			targets = (
				88B3E67F2C58CAB0009532E1 /* RxSwiftPractice */,
			);
		};
/* End PBXProject section */

/* Begin PBXResourcesBuildPhase section */
		88B3E67E2C58CAB0009532E1 /* Resources */ = {
			isa = PBXResourcesBuildPhase;
			buildActionMask = 2147483647;
			files = (
				88B3E68D2C58CAB2009532E1 /* Assets.xcassets in Resources */,
				88B3E6902C58CAB2009532E1 /* Base in Resources */,
				88B3E68B2C58CAB0009532E1 /* Base in Resources */,
			);
			runOnlyForDeploymentPostprocessing = 0;
		};
/* End PBXResourcesBuildPhase section */

/* Begin PBXSourcesBuildPhase section */
		88B3E67C2C58CAB0009532E1 /* Sources */ = {
			isa = PBXSourcesBuildPhase;
			buildActionMask = 2147483647;
			files = (
				88387D702C5FA1BD005C0517 /* SignUpViewController.swift in Sources */,
				8824E6B62C60D04500057F57 /* PasswordViewModel.swift in Sources */,
				8810B9DA2C5C775200EC5F21 /* ShopTableViewCell.swift in Sources */,
				88B3E6882C58CAB0009532E1 /* SimpleViewController.swift in Sources */,
				8810B9DC2C5C775B00EC5F21 /* ShopViewController.swift in Sources */,
				880EDF032C5BAFE60019E8CC /* NicknameViewController.swift in Sources */,
				88AFCA9A2C5A23A600E2CC44 /* PasswordViewController.swift in Sources */,
				880EDEFC2C5BAF850019E8CC /* PointButton.swift in Sources */,
				880EDEFE2C5BAF890019E8CC /* SignTextField.swift in Sources */,
				88AFCA942C5A18DA00E2CC44 /* NumbersViewController.swift in Sources */,
				88AFCA982C5A1D0000E2CC44 /* SimpleValidationViewController.swift in Sources */,
				88B3E6842C58CAB0009532E1 /* AppDelegate.swift in Sources */,
				8824E6B82C60D8CA00057F57 /* PhoneViewModel.swift in Sources */,
				8824E6BA2C60DC6B00057F57 /* BirthdayViewModel.swift in Sources */,
				88B3E6862C58CAB0009532E1 /* SceneDelegate.swift in Sources */,
				88B3E6A52C58DCB6009532E1 /* SimpleTableViewController.swift in Sources */,
				8824E6B42C60CB8E00057F57 /* SignUpViewModel.swift in Sources */,
				88B3E6A02C58D24F009532E1 /* SignViewController.swift in Sources */,
				8810B9E02C5C94C800EC5F21 /* ShopDetailViewController.swift in Sources */,
				88387D6E2C5FA18A005C0517 /* SignInViewController.swift in Sources */,
				880EDEF92C5BAD830019E8CC /* PhoneViewController.swift in Sources */,
				8810B9DE2C5C852E00EC5F21 /* Shop.swift in Sources */,
				88B3E6A32C58D856009532E1 /* SimplePickerViewController.swift in Sources */,
				880EDF052C5BB00E0019E8CC /* BirthdayViewController.swift in Sources */,
				88B3E6A72C58DE58009532E1 /* UIViewController+.swift in Sources */,
				880EDF012C5BAFAC0019E8CC /* Resource.swift in Sources */,
			);
			runOnlyForDeploymentPostprocessing = 0;
		};
/* End PBXSourcesBuildPhase section */

/* Begin PBXVariantGroup section */
		88B3E6892C58CAB0009532E1 /* Main.storyboard */ = {
			isa = PBXVariantGroup;
			children = (
				88B3E68A2C58CAB0009532E1 /* Base */,
			);
			name = Main.storyboard;
			sourceTree = "<group>";
		};
		88B3E68E2C58CAB2009532E1 /* LaunchScreen.storyboard */ = {
			isa = PBXVariantGroup;
			children = (
				88B3E68F2C58CAB2009532E1 /* Base */,
			);
			name = LaunchScreen.storyboard;
			sourceTree = "<group>";
		};
/* End PBXVariantGroup section */

/* Begin XCBuildConfiguration section */
		88B3E6922C58CAB2009532E1 /* Debug */ = {
			isa = XCBuildConfiguration;
			buildSettings = {
				ALWAYS_SEARCH_USER_PATHS = NO;
				ASSETCATALOG_COMPILER_GENERATE_SWIFT_ASSET_SYMBOL_EXTENSIONS = YES;
				CLANG_ANALYZER_NONNULL = YES;
				CLANG_ANALYZER_NUMBER_OBJECT_CONVERSION = YES_AGGRESSIVE;
				CLANG_CXX_LANGUAGE_STANDARD = "gnu++20";
				CLANG_ENABLE_MODULES = YES;
				CLANG_ENABLE_OBJC_ARC = YES;
				CLANG_ENABLE_OBJC_WEAK = YES;
				CLANG_WARN_BLOCK_CAPTURE_AUTORELEASING = YES;
				CLANG_WARN_BOOL_CONVERSION = YES;
				CLANG_WARN_COMMA = YES;
				CLANG_WARN_CONSTANT_CONVERSION = YES;
				CLANG_WARN_DEPRECATED_OBJC_IMPLEMENTATIONS = YES;
				CLANG_WARN_DIRECT_OBJC_ISA_USAGE = YES_ERROR;
				CLANG_WARN_DOCUMENTATION_COMMENTS = YES;
				CLANG_WARN_EMPTY_BODY = YES;
				CLANG_WARN_ENUM_CONVERSION = YES;
				CLANG_WARN_INFINITE_RECURSION = YES;
				CLANG_WARN_INT_CONVERSION = YES;
				CLANG_WARN_NON_LITERAL_NULL_CONVERSION = YES;
				CLANG_WARN_OBJC_IMPLICIT_RETAIN_SELF = YES;
				CLANG_WARN_OBJC_LITERAL_CONVERSION = YES;
				CLANG_WARN_OBJC_ROOT_CLASS = YES_ERROR;
				CLANG_WARN_QUOTED_INCLUDE_IN_FRAMEWORK_HEADER = YES;
				CLANG_WARN_RANGE_LOOP_ANALYSIS = YES;
				CLANG_WARN_STRICT_PROTOTYPES = YES;
				CLANG_WARN_SUSPICIOUS_MOVE = YES;
				CLANG_WARN_UNGUARDED_AVAILABILITY = YES_AGGRESSIVE;
				CLANG_WARN_UNREACHABLE_CODE = YES;
				CLANG_WARN__DUPLICATE_METHOD_MATCH = YES;
				COPY_PHASE_STRIP = NO;
				DEBUG_INFORMATION_FORMAT = dwarf;
				ENABLE_STRICT_OBJC_MSGSEND = YES;
				ENABLE_TESTABILITY = YES;
				ENABLE_USER_SCRIPT_SANDBOXING = YES;
				GCC_C_LANGUAGE_STANDARD = gnu17;
				GCC_DYNAMIC_NO_PIC = NO;
				GCC_NO_COMMON_BLOCKS = YES;
				GCC_OPTIMIZATION_LEVEL = 0;
				GCC_PREPROCESSOR_DEFINITIONS = (
					"DEBUG=1",
					"$(inherited)",
				);
				GCC_WARN_64_TO_32_BIT_CONVERSION = YES;
				GCC_WARN_ABOUT_RETURN_TYPE = YES_ERROR;
				GCC_WARN_UNDECLARED_SELECTOR = YES;
				GCC_WARN_UNINITIALIZED_AUTOS = YES_AGGRESSIVE;
				GCC_WARN_UNUSED_FUNCTION = YES;
				GCC_WARN_UNUSED_VARIABLE = YES;
				IPHONEOS_DEPLOYMENT_TARGET = 17.5;
				LOCALIZATION_PREFERS_STRING_CATALOGS = YES;
				MTL_ENABLE_DEBUG_INFO = INCLUDE_SOURCE;
				MTL_FAST_MATH = YES;
				ONLY_ACTIVE_ARCH = YES;
				SDKROOT = iphoneos;
				SWIFT_ACTIVE_COMPILATION_CONDITIONS = "DEBUG $(inherited)";
				SWIFT_OPTIMIZATION_LEVEL = "-Onone";
			};
			name = Debug;
		};
		88B3E6932C58CAB2009532E1 /* Release */ = {
			isa = XCBuildConfiguration;
			buildSettings = {
				ALWAYS_SEARCH_USER_PATHS = NO;
				ASSETCATALOG_COMPILER_GENERATE_SWIFT_ASSET_SYMBOL_EXTENSIONS = YES;
				CLANG_ANALYZER_NONNULL = YES;
				CLANG_ANALYZER_NUMBER_OBJECT_CONVERSION = YES_AGGRESSIVE;
				CLANG_CXX_LANGUAGE_STANDARD = "gnu++20";
				CLANG_ENABLE_MODULES = YES;
				CLANG_ENABLE_OBJC_ARC = YES;
				CLANG_ENABLE_OBJC_WEAK = YES;
				CLANG_WARN_BLOCK_CAPTURE_AUTORELEASING = YES;
				CLANG_WARN_BOOL_CONVERSION = YES;
				CLANG_WARN_COMMA = YES;
				CLANG_WARN_CONSTANT_CONVERSION = YES;
				CLANG_WARN_DEPRECATED_OBJC_IMPLEMENTATIONS = YES;
				CLANG_WARN_DIRECT_OBJC_ISA_USAGE = YES_ERROR;
				CLANG_WARN_DOCUMENTATION_COMMENTS = YES;
				CLANG_WARN_EMPTY_BODY = YES;
				CLANG_WARN_ENUM_CONVERSION = YES;
				CLANG_WARN_INFINITE_RECURSION = YES;
				CLANG_WARN_INT_CONVERSION = YES;
				CLANG_WARN_NON_LITERAL_NULL_CONVERSION = YES;
				CLANG_WARN_OBJC_IMPLICIT_RETAIN_SELF = YES;
				CLANG_WARN_OBJC_LITERAL_CONVERSION = YES;
				CLANG_WARN_OBJC_ROOT_CLASS = YES_ERROR;
				CLANG_WARN_QUOTED_INCLUDE_IN_FRAMEWORK_HEADER = YES;
				CLANG_WARN_RANGE_LOOP_ANALYSIS = YES;
				CLANG_WARN_STRICT_PROTOTYPES = YES;
				CLANG_WARN_SUSPICIOUS_MOVE = YES;
				CLANG_WARN_UNGUARDED_AVAILABILITY = YES_AGGRESSIVE;
				CLANG_WARN_UNREACHABLE_CODE = YES;
				CLANG_WARN__DUPLICATE_METHOD_MATCH = YES;
				COPY_PHASE_STRIP = NO;
				DEBUG_INFORMATION_FORMAT = "dwarf-with-dsym";
				ENABLE_NS_ASSERTIONS = NO;
				ENABLE_STRICT_OBJC_MSGSEND = YES;
				ENABLE_USER_SCRIPT_SANDBOXING = YES;
				GCC_C_LANGUAGE_STANDARD = gnu17;
				GCC_NO_COMMON_BLOCKS = YES;
				GCC_WARN_64_TO_32_BIT_CONVERSION = YES;
				GCC_WARN_ABOUT_RETURN_TYPE = YES_ERROR;
				GCC_WARN_UNDECLARED_SELECTOR = YES;
				GCC_WARN_UNINITIALIZED_AUTOS = YES_AGGRESSIVE;
				GCC_WARN_UNUSED_FUNCTION = YES;
				GCC_WARN_UNUSED_VARIABLE = YES;
				IPHONEOS_DEPLOYMENT_TARGET = 17.5;
				LOCALIZATION_PREFERS_STRING_CATALOGS = YES;
				MTL_ENABLE_DEBUG_INFO = NO;
				MTL_FAST_MATH = YES;
				SDKROOT = iphoneos;
				SWIFT_COMPILATION_MODE = wholemodule;
				VALIDATE_PRODUCT = YES;
			};
			name = Release;
		};
		88B3E6952C58CAB2009532E1 /* Debug */ = {
			isa = XCBuildConfiguration;
			buildSettings = {
				ASSETCATALOG_COMPILER_APPICON_NAME = AppIcon;
				ASSETCATALOG_COMPILER_GLOBAL_ACCENT_COLOR_NAME = AccentColor;
				CODE_SIGN_STYLE = Automatic;
				CURRENT_PROJECT_VERSION = 1;
				GENERATE_INFOPLIST_FILE = YES;
				INFOPLIST_FILE = RxSwiftPractice/Info.plist;
				INFOPLIST_KEY_UIApplicationSupportsIndirectInputEvents = YES;
				INFOPLIST_KEY_UILaunchStoryboardName = LaunchScreen;
				INFOPLIST_KEY_UIMainStoryboardFile = Main;
				INFOPLIST_KEY_UISupportedInterfaceOrientations_iPad = "UIInterfaceOrientationPortrait UIInterfaceOrientationPortraitUpsideDown UIInterfaceOrientationLandscapeLeft UIInterfaceOrientationLandscapeRight";
				INFOPLIST_KEY_UISupportedInterfaceOrientations_iPhone = "UIInterfaceOrientationPortrait UIInterfaceOrientationLandscapeLeft UIInterfaceOrientationLandscapeRight";
				LD_RUNPATH_SEARCH_PATHS = (
					"$(inherited)",
					"@executable_path/Frameworks",
				);
				MARKETING_VERSION = 1.0;
				PRODUCT_BUNDLE_IDENTIFIER = com.jm.RxSwiftPractice;
				PRODUCT_NAME = "$(TARGET_NAME)";
				SWIFT_EMIT_LOC_STRINGS = YES;
				SWIFT_VERSION = 5.0;
				TARGETED_DEVICE_FAMILY = "1,2";
			};
			name = Debug;
		};
		88B3E6962C58CAB2009532E1 /* Release */ = {
			isa = XCBuildConfiguration;
			buildSettings = {
				ASSETCATALOG_COMPILER_APPICON_NAME = AppIcon;
				ASSETCATALOG_COMPILER_GLOBAL_ACCENT_COLOR_NAME = AccentColor;
				CODE_SIGN_STYLE = Automatic;
				CURRENT_PROJECT_VERSION = 1;
				GENERATE_INFOPLIST_FILE = YES;
				INFOPLIST_FILE = RxSwiftPractice/Info.plist;
				INFOPLIST_KEY_UIApplicationSupportsIndirectInputEvents = YES;
				INFOPLIST_KEY_UILaunchStoryboardName = LaunchScreen;
				INFOPLIST_KEY_UIMainStoryboardFile = Main;
				INFOPLIST_KEY_UISupportedInterfaceOrientations_iPad = "UIInterfaceOrientationPortrait UIInterfaceOrientationPortraitUpsideDown UIInterfaceOrientationLandscapeLeft UIInterfaceOrientationLandscapeRight";
				INFOPLIST_KEY_UISupportedInterfaceOrientations_iPhone = "UIInterfaceOrientationPortrait UIInterfaceOrientationLandscapeLeft UIInterfaceOrientationLandscapeRight";
				LD_RUNPATH_SEARCH_PATHS = (
					"$(inherited)",
					"@executable_path/Frameworks",
				);
				MARKETING_VERSION = 1.0;
				PRODUCT_BUNDLE_IDENTIFIER = com.jm.RxSwiftPractice;
				PRODUCT_NAME = "$(TARGET_NAME)";
				SWIFT_EMIT_LOC_STRINGS = YES;
				SWIFT_VERSION = 5.0;
				TARGETED_DEVICE_FAMILY = "1,2";
			};
			name = Release;
		};
/* End XCBuildConfiguration section */

/* Begin XCConfigurationList section */
		88B3E67B2C58CAB0009532E1 /* Build configuration list for PBXProject "RxSwiftPractice" */ = {
			isa = XCConfigurationList;
			buildConfigurations = (
				88B3E6922C58CAB2009532E1 /* Debug */,
				88B3E6932C58CAB2009532E1 /* Release */,
			);
			defaultConfigurationIsVisible = 0;
			defaultConfigurationName = Release;
		};
		88B3E6942C58CAB2009532E1 /* Build configuration list for PBXNativeTarget "RxSwiftPractice" */ = {
			isa = XCConfigurationList;
			buildConfigurations = (
				88B3E6952C58CAB2009532E1 /* Debug */,
				88B3E6962C58CAB2009532E1 /* Release */,
			);
			defaultConfigurationIsVisible = 0;
			defaultConfigurationName = Release;
		};
/* End XCConfigurationList section */

/* Begin XCRemoteSwiftPackageReference section */
		88B3E6972C58CADB009532E1 /* XCRemoteSwiftPackageReference "RxSwift" */ = {
			isa = XCRemoteSwiftPackageReference;
			repositoryURL = "https://github.com/ReactiveX/RxSwift.git";
			requirement = {
				kind = upToNextMajorVersion;
				minimumVersion = 6.7.1;
			};
		};
		88B3E69C2C58CAF5009532E1 /* XCRemoteSwiftPackageReference "SnapKit" */ = {
			isa = XCRemoteSwiftPackageReference;
			repositoryURL = "https://github.com/SnapKit/SnapKit.git";
			requirement = {
				kind = upToNextMajorVersion;
				minimumVersion = 5.7.1;
			};
		};
/* End XCRemoteSwiftPackageReference section */

/* Begin XCSwiftPackageProductDependency section */
		88B3E6982C58CADB009532E1 /* RxCocoa */ = {
			isa = XCSwiftPackageProductDependency;
			package = 88B3E6972C58CADB009532E1 /* XCRemoteSwiftPackageReference "RxSwift" */;
			productName = RxCocoa;
		};
		88B3E69A2C58CADB009532E1 /* RxSwift */ = {
			isa = XCSwiftPackageProductDependency;
			package = 88B3E6972C58CADB009532E1 /* XCRemoteSwiftPackageReference "RxSwift" */;
			productName = RxSwift;
		};
		88B3E69D2C58CAF5009532E1 /* SnapKit */ = {
			isa = XCSwiftPackageProductDependency;
			package = 88B3E69C2C58CAF5009532E1 /* XCRemoteSwiftPackageReference "SnapKit" */;
			productName = SnapKit;
		};
/* End XCSwiftPackageProductDependency section */
	};
	rootObject = 88B3E6782C58CAB0009532E1 /* Project object */;
}
